
Microsoft Visual Studio Solution File, Format Version 12.00
# Visual Studio 15
VisualStudioVersion = 15.0.27703.2035
MinimumVisualStudioVersion = 10.0.40219.1
Project("{FAE04EC0-301F-11D3-BF4B-00C04F79EFBC}") = "Razor", "Razor\Razor.csproj", "{AB2E9287-FFEF-42A0-A747-46B205506EB6}"
EndProject
Global
	GlobalSection(SolutionConfigurationPlatforms) = preSolution
		Debug|Any CPU = Debug|Any CPU
		Release|Any CPU = Release|Any CPU
	EndGlobalSection
	GlobalSection(ProjectConfigurationPlatforms) = postSolution
		{AB2E9287-FFEF-42A0-A747-46B205506EB6}.Debug|Any CPU.ActiveCfg = Debug|Any CPU
		{AB2E9287-FFEF-42A0-A747-46B205506EB6}.Debug|Any CPU.Build.0 = Debug|Any CPU
		{AB2E9287-FFEF-42A0-A747-46B205506EB6}.Release|Any CPU.ActiveCfg = Release|Any CPU
		{AB2E9287-FFEF-42A0-A747-46B205506EB6}.Release|Any CPU.Build.0 = Release|Any CPU
	EndGlobalSection
	GlobalSection(SolutionProperties) = preSolution
		HideSolutionNode = FALSE
	EndGlobalSection
	GlobalSection(ExtensibilityGlobals) = postSolution
		SolutionGuid = {E3599293-FCD1-4DED-8B6C-A9A1A631DBFF}
	EndGlobalSection
EndGlobal
