
Microsoft Visual Studio Solution File, Format Version 12.00
# Visual Studio 15
VisualStudioVersion = 15.0.27703.2035
MinimumVisualStudioVersion = 10.0.40219.1
Project("{FAE04EC0-301F-11D3-BF4B-00C04F79EFBC}") = "LanguageFeatures", "LanguageFeatures\LanguageFeatures.csproj", "{D9E598D1-FEB9-45AD-90DC-06F1C8A8243D}"
EndProject
Global
	GlobalSection(SolutionConfigurationPlatforms) = preSolution
		Debug|Any CPU = Debug|Any CPU
		Release|Any CPU = Release|Any CPU
	EndGlobalSection
	GlobalSection(ProjectConfigurationPlatforms) = postSolution
		{D9E598D1-FEB9-45AD-90DC-06F1C8A8243D}.Debug|Any CPU.ActiveCfg = Debug|Any CPU
		{D9E598D1-FEB9-45AD-90DC-06F1C8A8243D}.Debug|Any CPU.Build.0 = Debug|Any CPU
		{D9E598D1-FEB9-45AD-90DC-06F1C8A8243D}.Release|Any CPU.ActiveCfg = Release|Any CPU
		{D9E598D1-FEB9-45AD-90DC-06F1C8A8243D}.Release|Any CPU.Build.0 = Release|Any CPU
	EndGlobalSection
	GlobalSection(SolutionProperties) = preSolution
		HideSolutionNode = FALSE
	EndGlobalSection
	GlobalSection(ExtensibilityGlobals) = postSolution
		SolutionGuid = {D7D3F88F-3595-48FC-88FB-78260EBFED21}
	EndGlobalSection
EndGlobal
