
Microsoft Visual Studio Solution File, Format Version 12.00
# Visual Studio 15
VisualStudioVersion = 15.0.27703.2035
MinimumVisualStudioVersion = 10.0.40219.1
Project("{FAE04EC0-301F-11D3-BF4B-00C04F79EFBC}") = "EssentialTools", "EssentialTools\EssentialTools.csproj", "{67456062-6447-4762-9214-2C97FA2A71A3}"
EndProject
Project("{FAE04EC0-301F-11D3-BF4B-00C04F79EFBC}") = "UnitTestProject1", "UnitTestProject1\UnitTestProject1.csproj", "{7C69A97E-A6C6-489E-9B02-901E833858BA}"
EndProject
Global
	GlobalSection(SolutionConfigurationPlatforms) = preSolution
		Debug|Any CPU = Debug|Any CPU
		Release|Any CPU = Release|Any CPU
	EndGlobalSection
	GlobalSection(ProjectConfigurationPlatforms) = postSolution
		{67456062-6447-4762-9214-2C97FA2A71A3}.Debug|Any CPU.ActiveCfg = Debug|Any CPU
		{67456062-6447-4762-9214-2C97FA2A71A3}.Debug|Any CPU.Build.0 = Debug|Any CPU
		{67456062-6447-4762-9214-2C97FA2A71A3}.Release|Any CPU.ActiveCfg = Release|Any CPU
		{67456062-6447-4762-9214-2C97FA2A71A3}.Release|Any CPU.Build.0 = Release|Any CPU
		{7C69A97E-A6C6-489E-9B02-901E833858BA}.Debug|Any CPU.ActiveCfg = Debug|Any CPU
		{7C69A97E-A6C6-489E-9B02-901E833858BA}.Debug|Any CPU.Build.0 = Debug|Any CPU
		{7C69A97E-A6C6-489E-9B02-901E833858BA}.Release|Any CPU.ActiveCfg = Release|Any CPU
		{7C69A97E-A6C6-489E-9B02-901E833858BA}.Release|Any CPU.Build.0 = Release|Any CPU
	EndGlobalSection
	GlobalSection(SolutionProperties) = preSolution
		HideSolutionNode = FALSE
	EndGlobalSection
	GlobalSection(ExtensibilityGlobals) = postSolution
		SolutionGuid = {E938AD72-49B7-47C5-B591-42A6CD258E44}
	EndGlobalSection
EndGlobal
